PODS:
  - Subliminal (1.0.1)

DEPENDENCIES:
  - Subliminal (from `~/Documents/Clones/iOS/SubliminalForks/Subliminal`)

EXTERNAL SOURCES:
  Subliminal:
    :path: ~/Documents/Clones/iOS/SubliminalForks/Subliminal

SPEC CHECKSUMS:
  Subliminal: 5cfb530d4e1aa9ec396b9d70beb2b5c18df97e8a

COCOAPODS: 0.20.2
